// !$*UTF8*$!
{
	archiveVersion = 1;
	classes = {
	};
	objectVersion = 56;
	objects = {

/* Begin PBXBuildFile section */
		810EE57A2A7112C000CE9EEC /* AppDelegate.swift in Sources */ = {isa = PBXBuildFile; fileRef = 810EE5792A7112C000CE9EEC /* AppDelegate.swift */; };
		810EE57C2A7112C000CE9EEC /* SceneDelegate.swift in Sources */ = {isa = PBXBuildFile; fileRef = 810EE57B2A7112C000CE9EEC /* SceneDelegate.swift */; };
		810EE57E2A7112C000CE9EEC /* ViewController.swift in Sources */ = {isa = PBXBuildFile; fileRef = 810EE57D2A7112C000CE9EEC /* ViewController.swift */; };
		810EE5832A7112C100CE9EEC /* Assets.xcassets in Resources */ = {isa = PBXBuildFile; fileRef = 810EE5822A7112C100CE9EEC /* Assets.xcassets */; };
		810EE5862A7112C100CE9EEC /* LaunchScreen.storyboard in Resources */ = {isa = PBXBuildFile; fileRef = 810EE5842A7112C100CE9EEC /* LaunchScreen.storyboard */; };
		810EE5912A711C1E00CE9EEC /* ChatView.swift in Sources */ = {isa = PBXBuildFile; fileRef = 810EE5902A711C1E00CE9EEC /* ChatView.swift */; };
		810EE5932A71372000CE9EEC /* CellForTable.swift in Sources */ = {isa = PBXBuildFile; fileRef = 810EE5922A71372000CE9EEC /* CellForTable.swift */; };
/* End PBXBuildFile section */

/* Begin PBXFileReference section */
		810EE5762A7112C000CE9EEC /* Test task from Involta.app */ = {isa = PBXFileReference; explicitFileType = wrapper.application; includeInIndex = 0; path = "Test task from Involta.app"; sourceTree = BUILT_PRODUCTS_DIR; };
		810EE5792A7112C000CE9EEC /* AppDelegate.swift */ = {isa = PBXFileReference; lastKnownFileType = sourcecode.swift; path = AppDelegate.swift; sourceTree = "<group>"; };
		810EE57B2A7112C000CE9EEC /* SceneDelegate.swift */ = {isa = PBXFileReference; lastKnownFileType = sourcecode.swift; path = SceneDelegate.swift; sourceTree = "<group>"; };
		810EE57D2A7112C000CE9EEC /* ViewController.swift */ = {isa = PBXFileReference; lastKnownFileType = sourcecode.swift; path = ViewController.swift; sourceTree = "<group>"; };
		810EE5822A7112C100CE9EEC /* Assets.xcassets */ = {isa = PBXFileReference; lastKnownFileType = folder.assetcatalog; path = Assets.xcassets; sourceTree = "<group>"; };
		810EE5852A7112C100CE9EEC /* Base */ = {isa = PBXFileReference; lastKnownFileType = file.storyboard; name = Base; path = Base.lproj/LaunchScreen.storyboard; sourceTree = "<group>"; };
		810EE5872A7112C100CE9EEC /* Info.plist */ = {isa = PBXFileReference; lastKnownFileType = text.plist.xml; path = Info.plist; sourceTree = "<group>"; };
		810EE5902A711C1E00CE9EEC /* ChatView.swift */ = {isa = PBXFileReference; lastKnownFileType = sourcecode.swift; path = ChatView.swift; sourceTree = "<group>"; };
		810EE5922A71372000CE9EEC /* CellForTable.swift */ = {isa = PBXFileReference; lastKnownFileType = sourcecode.swift; path = CellForTable.swift; sourceTree = "<group>"; };
/* End PBXFileReference section */

/* Begin PBXFrameworksBuildPhase section */
		810EE5732A7112C000CE9EEC /* Frameworks */ = {
			isa = PBXFrameworksBuildPhase;
			buildActionMask = 2147483647;
			files = (
			);
			runOnlyForDeploymentPostprocessing = 0;
		};
/* End PBXFrameworksBuildPhase section */

/* Begin PBXGroup section */
		810EE56D2A7112C000CE9EEC = {
			isa = PBXGroup;
			children = (
				810EE5782A7112C000CE9EEC /* Test task from Involta */,
				810EE5772A7112C000CE9EEC /* Products */,
			);
			sourceTree = "<group>";
		};
		810EE5772A7112C000CE9EEC /* Products */ = {
			isa = PBXGroup;
			children = (
				810EE5762A7112C000CE9EEC /* Test task from Involta.app */,
			);
			name = Products;
			sourceTree = "<group>";
		};
		810EE5782A7112C000CE9EEC /* Test task from Involta */ = {
			isa = PBXGroup;
			children = (
				810EE5792A7112C000CE9EEC /* AppDelegate.swift */,
				810EE57B2A7112C000CE9EEC /* SceneDelegate.swift */,
				810EE58D2A711B7900CE9EEC /* Model */,
				810EE58E2A711B7E00CE9EEC /* View */,
				810EE58F2A711B8600CE9EEC /* Controller */,
				810EE5822A7112C100CE9EEC /* Assets.xcassets */,
				810EE5842A7112C100CE9EEC /* LaunchScreen.storyboard */,
				810EE5872A7112C100CE9EEC /* Info.plist */,
			);
			path = "Test task from Involta";
			sourceTree = "<group>";
		};
		810EE58D2A711B7900CE9EEC /* Model */ = {
			isa = PBXGroup;
			children = (
			);
			path = Model;
			sourceTree = "<group>";
		};
		810EE58E2A711B7E00CE9EEC /* View */ = {
			isa = PBXGroup;
			children = (
				810EE5902A711C1E00CE9EEC /* ChatView.swift */,
				810EE5922A71372000CE9EEC /* CellForTable.swift */,
			);
			path = View;
			sourceTree = "<group>";
		};
		810EE58F2A711B8600CE9EEC /* Controller */ = {
			isa = PBXGroup;
			children = (
				810EE57D2A7112C000CE9EEC /* ViewController.swift */,
			);
			path = Controller;
			sourceTree = "<group>";
		};
/* End PBXGroup section */

/* Begin PBXNativeTarget section */
		810EE5752A7112C000CE9EEC /* Test task from Involta */ = {
			isa = PBXNativeTarget;
			buildConfigurationList = 810EE58A2A7112C100CE9EEC /* Build configuration list for PBXNativeTarget "Test task from Involta" */;
			buildPhases = (
				810EE5722A7112C000CE9EEC /* Sources */,
				810EE5732A7112C000CE9EEC /* Frameworks */,
				810EE5742A7112C000CE9EEC /* Resources */,
			);
			buildRules = (
			);
			dependencies = (
			);
			name = "Test task from Involta";
			productName = "Test task from Involta";
			productReference = 810EE5762A7112C000CE9EEC /* Test task from Involta.app */;
			productType = "com.apple.product-type.application";
		};
/* End PBXNativeTarget section */

/* Begin PBXProject section */
		810EE56E2A7112C000CE9EEC /* Project object */ = {
			isa = PBXProject;
			attributes = {
				BuildIndependentTargetsInParallel = 1;
				LastSwiftUpdateCheck = 1420;
				LastUpgradeCheck = 1420;
				TargetAttributes = {
					810EE5752A7112C000CE9EEC = {
						CreatedOnToolsVersion = 14.2;
					};
				};
			};
			buildConfigurationList = 810EE5712A7112C000CE9EEC /* Build configuration list for PBXProject "Test task from Involta" */;
			compatibilityVersion = "Xcode 14.0";
			developmentRegion = en;
			hasScannedForEncodings = 0;
			knownRegions = (
				en,
				Base,
			);
			mainGroup = 810EE56D2A7112C000CE9EEC;
			productRefGroup = 810EE5772A7112C000CE9EEC /* Products */;
			projectDirPath = "";
			projectRoot = "";
			targets = (
				810EE5752A7112C000CE9EEC /* Test task from Involta */,
			);
		};
/* End PBXProject section */

/* Begin PBXResourcesBuildPhase section */
		810EE5742A7112C000CE9EEC /* Resources */ = {
			isa = PBXResourcesBuildPhase;
			buildActionMask = 2147483647;
			files = (
				810EE5862A7112C100CE9EEC /* LaunchScreen.storyboard in Resources */,
				810EE5832A7112C100CE9EEC /* Assets.xcassets in Resources */,
			);
			runOnlyForDeploymentPostprocessing = 0;
		};
/* End PBXResourcesBuildPhase section */

/* Begin PBXSourcesBuildPhase section */
		810EE5722A7112C000CE9EEC /* Sources */ = {
			isa = PBXSourcesBuildPhase;
			buildActionMask = 2147483647;
			files = (
				810EE5912A711C1E00CE9EEC /* ChatView.swift in Sources */,
				810EE57E2A7112C000CE9EEC /* ViewController.swift in Sources */,
				810EE5932A71372000CE9EEC /* CellForTable.swift in Sources */,
				810EE57A2A7112C000CE9EEC /* AppDelegate.swift in Sources */,
				810EE57C2A7112C000CE9EEC /* SceneDelegate.swift in Sources */,
			);
			runOnlyForDeploymentPostprocessing = 0;
		};
/* End PBXSourcesBuildPhase section */

/* Begin PBXVariantGroup section */
		810EE5842A7112C100CE9EEC /* LaunchScreen.storyboard */ = {
			isa = PBXVariantGroup;
			children = (
				810EE5852A7112C100CE9EEC /* Base */,
			);
			name = LaunchScreen.storyboard;
			sourceTree = "<group>";
		};
/* End PBXVariantGroup section */

/* Begin XCBuildConfiguration section */
		810EE5882A7112C100CE9EEC /* Debug */ = {
			isa = XCBuildConfiguration;
			buildSettings = {
				ALWAYS_SEARCH_USER_PATHS = NO;
				CLANG_ANALYZER_NONNULL = YES;
				CLANG_ANALYZER_NUMBER_OBJECT_CONVERSION = YES_AGGRESSIVE;
				CLANG_CXX_LANGUAGE_STANDARD = "gnu++20";
				CLANG_ENABLE_MODULES = YES;
				CLANG_ENABLE_OBJC_ARC = YES;
				CLANG_ENABLE_OBJC_WEAK = YES;
				CLANG_WARN_BLOCK_CAPTURE_AUTORELEASING = YES;
				CLANG_WARN_BOOL_CONVERSION = YES;
				CLANG_WARN_COMMA = YES;
				CLANG_WARN_CONSTANT_CONVERSION = YES;
				CLANG_WARN_DEPRECATED_OBJC_IMPLEMENTATIONS = YES;
				CLANG_WARN_DIRECT_OBJC_ISA_USAGE = YES_ERROR;
				CLANG_WARN_DOCUMENTATION_COMMENTS = YES;
				CLANG_WARN_EMPTY_BODY = YES;
				CLANG_WARN_ENUM_CONVERSION = YES;
				CLANG_WARN_INFINITE_RECURSION = YES;
				CLANG_WARN_INT_CONVERSION = YES;
				CLANG_WARN_NON_LITERAL_NULL_CONVERSION = YES;
				CLANG_WARN_OBJC_IMPLICIT_RETAIN_SELF = YES;
				CLANG_WARN_OBJC_LITERAL_CONVERSION = YES;
				CLANG_WARN_OBJC_ROOT_CLASS = YES_ERROR;
				CLANG_WARN_QUOTED_INCLUDE_IN_FRAMEWORK_HEADER = YES;
				CLANG_WARN_RANGE_LOOP_ANALYSIS = YES;
				CLANG_WARN_STRICT_PROTOTYPES = YES;
				CLANG_WARN_SUSPICIOUS_MOVE = YES;
				CLANG_WARN_UNGUARDED_AVAILABILITY = YES_AGGRESSIVE;
				CLANG_WARN_UNREACHABLE_CODE = YES;
				CLANG_WARN__DUPLICATE_METHOD_MATCH = YES;
				COPY_PHASE_STRIP = NO;
				DEBUG_INFORMATION_FORMAT = dwarf;
				ENABLE_STRICT_OBJC_MSGSEND = YES;
				ENABLE_TESTABILITY = YES;
				GCC_C_LANGUAGE_STANDARD = gnu11;
				GCC_DYNAMIC_NO_PIC = NO;
				GCC_NO_COMMON_BLOCKS = YES;
				GCC_OPTIMIZATION_LEVEL = 0;
				GCC_PREPROCESSOR_DEFINITIONS = (
					"DEBUG=1",
					"$(inherited)",
				);
				GCC_WARN_64_TO_32_BIT_CONVERSION = YES;
				GCC_WARN_ABOUT_RETURN_TYPE = YES_ERROR;
				GCC_WARN_UNDECLARED_SELECTOR = YES;
				GCC_WARN_UNINITIALIZED_AUTOS = YES_AGGRESSIVE;
				GCC_WARN_UNUSED_FUNCTION = YES;
				GCC_WARN_UNUSED_VARIABLE = YES;
				IPHONEOS_DEPLOYMENT_TARGET = 16.2;
				MTL_ENABLE_DEBUG_INFO = INCLUDE_SOURCE;
				MTL_FAST_MATH = YES;
				ONLY_ACTIVE_ARCH = YES;
				SDKROOT = iphoneos;
				SWIFT_ACTIVE_COMPILATION_CONDITIONS = DEBUG;
				SWIFT_OPTIMIZATION_LEVEL = "-Onone";
			};
			name = Debug;
		};
		810EE5892A7112C100CE9EEC /* Release */ = {
			isa = XCBuildConfiguration;
			buildSettings = {
				ALWAYS_SEARCH_USER_PATHS = NO;
				CLANG_ANALYZER_NONNULL = YES;
				CLANG_ANALYZER_NUMBER_OBJECT_CONVERSION = YES_AGGRESSIVE;
				CLANG_CXX_LANGUAGE_STANDARD = "gnu++20";
				CLANG_ENABLE_MODULES = YES;
				CLANG_ENABLE_OBJC_ARC = YES;
				CLANG_ENABLE_OBJC_WEAK = YES;
				CLANG_WARN_BLOCK_CAPTURE_AUTORELEASING = YES;
				CLANG_WARN_BOOL_CONVERSION = YES;
				CLANG_WARN_COMMA = YES;
				CLANG_WARN_CONSTANT_CONVERSION = YES;
				CLANG_WARN_DEPRECATED_OBJC_IMPLEMENTATIONS = YES;
				CLANG_WARN_DIRECT_OBJC_ISA_USAGE = YES_ERROR;
				CLANG_WARN_DOCUMENTATION_COMMENTS = YES;
				CLANG_WARN_EMPTY_BODY = YES;
				CLANG_WARN_ENUM_CONVERSION = YES;
				CLANG_WARN_INFINITE_RECURSION = YES;
				CLANG_WARN_INT_CONVERSION = YES;
				CLANG_WARN_NON_LITERAL_NULL_CONVERSION = YES;
				CLANG_WARN_OBJC_IMPLICIT_RETAIN_SELF = YES;
				CLANG_WARN_OBJC_LITERAL_CONVERSION = YES;
				CLANG_WARN_OBJC_ROOT_CLASS = YES_ERROR;
				CLANG_WARN_QUOTED_INCLUDE_IN_FRAMEWORK_HEADER = YES;
				CLANG_WARN_RANGE_LOOP_ANALYSIS = YES;
				CLANG_WARN_STRICT_PROTOTYPES = YES;
				CLANG_WARN_SUSPICIOUS_MOVE = YES;
				CLANG_WARN_UNGUARDED_AVAILABILITY = YES_AGGRESSIVE;
				CLANG_WARN_UNREACHABLE_CODE = YES;
				CLANG_WARN__DUPLICATE_METHOD_MATCH = YES;
				COPY_PHASE_STRIP = NO;
				DEBUG_INFORMATION_FORMAT = "dwarf-with-dsym";
				ENABLE_NS_ASSERTIONS = NO;
				ENABLE_STRICT_OBJC_MSGSEND = YES;
				GCC_C_LANGUAGE_STANDARD = gnu11;
				GCC_NO_COMMON_BLOCKS = YES;
				GCC_WARN_64_TO_32_BIT_CONVERSION = YES;
				GCC_WARN_ABOUT_RETURN_TYPE = YES_ERROR;
				GCC_WARN_UNDECLARED_SELECTOR = YES;
				GCC_WARN_UNINITIALIZED_AUTOS = YES_AGGRESSIVE;
				GCC_WARN_UNUSED_FUNCTION = YES;
				GCC_WARN_UNUSED_VARIABLE = YES;
				IPHONEOS_DEPLOYMENT_TARGET = 16.2;
				MTL_ENABLE_DEBUG_INFO = NO;
				MTL_FAST_MATH = YES;
				SDKROOT = iphoneos;
				SWIFT_COMPILATION_MODE = wholemodule;
				SWIFT_OPTIMIZATION_LEVEL = "-O";
				VALIDATE_PRODUCT = YES;
			};
			name = Release;
		};
		810EE58B2A7112C100CE9EEC /* Debug */ = {
			isa = XCBuildConfiguration;
			buildSettings = {
				ASSETCATALOG_COMPILER_APPICON_NAME = AppIcon;
				ASSETCATALOG_COMPILER_GLOBAL_ACCENT_COLOR_NAME = AccentColor;
				CODE_SIGN_STYLE = Automatic;
				CURRENT_PROJECT_VERSION = 1;
				DEVELOPMENT_TEAM = NDWW33V3F9;
				GENERATE_INFOPLIST_FILE = YES;
				INFOPLIST_FILE = "Test task from Involta/Info.plist";
				INFOPLIST_KEY_UIApplicationSupportsIndirectInputEvents = YES;
				INFOPLIST_KEY_UILaunchStoryboardName = LaunchScreen;
				INFOPLIST_KEY_UISupportedInterfaceOrientations_iPad = "UIInterfaceOrientationPortrait UIInterfaceOrientationPortraitUpsideDown UIInterfaceOrientationLandscapeLeft UIInterfaceOrientationLandscapeRight";
				INFOPLIST_KEY_UISupportedInterfaceOrientations_iPhone = "UIInterfaceOrientationPortrait UIInterfaceOrientationLandscapeLeft UIInterfaceOrientationLandscapeRight";
				LD_RUNPATH_SEARCH_PATHS = (
					"$(inherited)",
					"@executable_path/Frameworks",
				);
				MARKETING_VERSION = 1.0;
				PRODUCT_BUNDLE_IDENTIFIER = "Tyshkan4ik.Test-task-from-Involta";
				PRODUCT_NAME = "$(TARGET_NAME)";
				SWIFT_EMIT_LOC_STRINGS = YES;
				SWIFT_VERSION = 5.0;
				TARGETED_DEVICE_FAMILY = "1,2";
			};
			name = Debug;
		};
		810EE58C2A7112C100CE9EEC /* Release */ = {
			isa = XCBuildConfiguration;
			buildSettings = {
				ASSETCATALOG_COMPILER_APPICON_NAME = AppIcon;
				ASSETCATALOG_COMPILER_GLOBAL_ACCENT_COLOR_NAME = AccentColor;
				CODE_SIGN_STYLE = Automatic;
				CURRENT_PROJECT_VERSION = 1;
				DEVELOPMENT_TEAM = NDWW33V3F9;
				GENERATE_INFOPLIST_FILE = YES;
				INFOPLIST_FILE = "Test task from Involta/Info.plist";
				INFOPLIST_KEY_UIApplicationSupportsIndirectInputEvents = YES;
				INFOPLIST_KEY_UILaunchStoryboardName = LaunchScreen;
				INFOPLIST_KEY_UISupportedInterfaceOrientations_iPad = "UIInterfaceOrientationPortrait UIInterfaceOrientationPortraitUpsideDown UIInterfaceOrientationLandscapeLeft UIInterfaceOrientationLandscapeRight";
				INFOPLIST_KEY_UISupportedInterfaceOrientations_iPhone = "UIInterfaceOrientationPortrait UIInterfaceOrientationLandscapeLeft UIInterfaceOrientationLandscapeRight";
				LD_RUNPATH_SEARCH_PATHS = (
					"$(inherited)",
					"@executable_path/Frameworks",
				);
				MARKETING_VERSION = 1.0;
				PRODUCT_BUNDLE_IDENTIFIER = "Tyshkan4ik.Test-task-from-Involta";
				PRODUCT_NAME = "$(TARGET_NAME)";
				SWIFT_EMIT_LOC_STRINGS = YES;
				SWIFT_VERSION = 5.0;
				TARGETED_DEVICE_FAMILY = "1,2";
			};
			name = Release;
		};
/* End XCBuildConfiguration section */

/* Begin XCConfigurationList section */
		810EE5712A7112C000CE9EEC /* Build configuration list for PBXProject "Test task from Involta" */ = {
			isa = XCConfigurationList;
			buildConfigurations = (
				810EE5882A7112C100CE9EEC /* Debug */,
				810EE5892A7112C100CE9EEC /* Release */,
			);
			defaultConfigurationIsVisible = 0;
			defaultConfigurationName = Release;
		};
		810EE58A2A7112C100CE9EEC /* Build configuration list for PBXNativeTarget "Test task from Involta" */ = {
			isa = XCConfigurationList;
			buildConfigurations = (
				810EE58B2A7112C100CE9EEC /* Debug */,
				810EE58C2A7112C100CE9EEC /* Release */,
			);
			defaultConfigurationIsVisible = 0;
			defaultConfigurationName = Release;
		};
/* End XCConfigurationList section */
	};
	rootObject = 810EE56E2A7112C000CE9EEC /* Project object */;
}
